
Microsoft Visual Studio Solution File, Format Version 12.00
# Visual Studio Version 16
VisualStudioVersion = 16.0.34114.132
MinimumVisualStudioVersion = 10.0.40219.1
Project("{FAE04EC0-301F-11D3-BF4B-00C04F79EFBC}") = "WindowsFormsApp1", "WindowsFormsApp1.csproj", "{7F74073B-0751-49C9-8C24-68F8CC4DD0B0}"
EndProject
Global
	GlobalSection(SolutionConfigurationPlatforms) = preSolution
		Debug|Any CPU = Debug|Any CPU
		Release|Any CPU = Release|Any CPU
	EndGlobalSection
	GlobalSection(ProjectConfigurationPlatforms) = postSolution
		{7F74073B-0751-49C9-8C24-68F8CC4DD0B0}.Debug|Any CPU.ActiveCfg = Debug|Any CPU
		{7F74073B-0751-49C9-8C24-68F8CC4DD0B0}.Debug|Any CPU.Build.0 = Debug|Any CPU
		{7F74073B-0751-49C9-8C24-68F8CC4DD0B0}.Release|Any CPU.ActiveCfg = Release|Any CPU
		{7F74073B-0751-49C9-8C24-68F8CC4DD0B0}.Release|Any CPU.Build.0 = Release|Any CPU
	EndGlobalSection
	GlobalSection(SolutionProperties) = preSolution
		HideSolutionNode = FALSE
	EndGlobalSection
	GlobalSection(ExtensibilityGlobals) = postSolution
		SolutionGuid = {3382882F-8197-4657-91D8-F956B525C542}
	EndGlobalSection
EndGlobal
